
Microsoft Visual Studio Solution File, Format Version 12.00
# Visual Studio Version 17
VisualStudioVersion = 17.11.35327.3
MinimumVisualStudioVersion = 10.0.40219.1
Project("{9A19103F-16F7-4668-BE54-9A1E7A4F7556}") = "Sports_Nutrition_Core", "Sports_Nutrition_Core\Sports_Nutrition_Core.csproj", "{0809B23E-8230-4090-8AE1-87BF146E58B1}"
EndProject
Project("{9A19103F-16F7-4668-BE54-9A1E7A4F7556}") = "Sports_Nutrition_Application", "Sports_Nutrition_Application\Sports_Nutrition_Application.csproj", "{34CD7B3F-3514-474B-829E-447916C3FACB}"
EndProject
Project("{9A19103F-16F7-4668-BE54-9A1E7A4F7556}") = "Sports_Nutrition_Infrastructure", "Sports_Nutrition_Infrastructure\Sports_Nutrition_Infrastructure.csproj", "{423E147D-8CBE-4B1F-B4D7-BFDE817F873E}"
EndProject
Project("{9A19103F-16F7-4668-BE54-9A1E7A4F7556}") = "Sports_Nutrition_Api", "Sports_Nutrition_Api\Sports_Nutrition_Api.csproj", "{13E80C2D-2122-4A1B-91BC-C7B54274C577}"
EndProject
Project("{FAE04EC0-301F-11D3-BF4B-00C04F79EFBC}") = "Sports_Nutrition_Application_Tests", "Sports_Nutrition_Tests\Sports_Nutrition_Application_Tests.csproj", "{CF45E4E7-7947-4019-8078-95C38C5781BA}"
EndProject
Global
	GlobalSection(SolutionConfigurationPlatforms) = preSolution
		Debug|Any CPU = Debug|Any CPU
		Release|Any CPU = Release|Any CPU
	EndGlobalSection
	GlobalSection(ProjectConfigurationPlatforms) = postSolution
		{0809B23E-8230-4090-8AE1-87BF146E58B1}.Debug|Any CPU.ActiveCfg = Debug|Any CPU
		{0809B23E-8230-4090-8AE1-87BF146E58B1}.Debug|Any CPU.Build.0 = Debug|Any CPU
		{0809B23E-8230-4090-8AE1-87BF146E58B1}.Release|Any CPU.ActiveCfg = Release|Any CPU
		{0809B23E-8230-4090-8AE1-87BF146E58B1}.Release|Any CPU.Build.0 = Release|Any CPU
		{34CD7B3F-3514-474B-829E-447916C3FACB}.Debug|Any CPU.ActiveCfg = Debug|Any CPU
		{34CD7B3F-3514-474B-829E-447916C3FACB}.Debug|Any CPU.Build.0 = Debug|Any CPU
		{34CD7B3F-3514-474B-829E-447916C3FACB}.Release|Any CPU.ActiveCfg = Release|Any CPU
		{34CD7B3F-3514-474B-829E-447916C3FACB}.Release|Any CPU.Build.0 = Release|Any CPU
		{423E147D-8CBE-4B1F-B4D7-BFDE817F873E}.Debug|Any CPU.ActiveCfg = Debug|Any CPU
		{423E147D-8CBE-4B1F-B4D7-BFDE817F873E}.Debug|Any CPU.Build.0 = Debug|Any CPU
		{423E147D-8CBE-4B1F-B4D7-BFDE817F873E}.Release|Any CPU.ActiveCfg = Release|Any CPU
		{423E147D-8CBE-4B1F-B4D7-BFDE817F873E}.Release|Any CPU.Build.0 = Release|Any CPU
		{13E80C2D-2122-4A1B-91BC-C7B54274C577}.Debug|Any CPU.ActiveCfg = Debug|Any CPU
		{13E80C2D-2122-4A1B-91BC-C7B54274C577}.Debug|Any CPU.Build.0 = Debug|Any CPU
		{13E80C2D-2122-4A1B-91BC-C7B54274C577}.Release|Any CPU.ActiveCfg = Release|Any CPU
		{13E80C2D-2122-4A1B-91BC-C7B54274C577}.Release|Any CPU.Build.0 = Release|Any CPU
		{CF45E4E7-7947-4019-8078-95C38C5781BA}.Debug|Any CPU.ActiveCfg = Debug|Any CPU
		{CF45E4E7-7947-4019-8078-95C38C5781BA}.Debug|Any CPU.Build.0 = Debug|Any CPU
		{CF45E4E7-7947-4019-8078-95C38C5781BA}.Release|Any CPU.ActiveCfg = Release|Any CPU
		{CF45E4E7-7947-4019-8078-95C38C5781BA}.Release|Any CPU.Build.0 = Release|Any CPU
	EndGlobalSection
	GlobalSection(SolutionProperties) = preSolution
		HideSolutionNode = FALSE
	EndGlobalSection
	GlobalSection(ExtensibilityGlobals) = postSolution
		SolutionGuid = {8EE93A70-7C60-41A5-8729-4A4C1366507D}
	EndGlobalSection
EndGlobal
